{
  "name": "truu",
  "version": "0.2.0",
  "dependencies": {
    "doubt": {
      "version": "0.4.0",
      "from": "doubt@latest",
      "resolved": "https://registry.npmjs.org/doubt/-/doubt-0.4.0.tgz",
      "dependencies": {
        "cemento": {
          "version": "0.3.0",
          "from": "cemento@latest",
          "resolved": "https://registry.npmjs.org/cemento/-/cemento-0.3.0.tgz",
          "dependencies": {
            "harden": {
              "version": "0.7.0",
              "from": "harden@latest",
              "resolved": "https://registry.npmjs.org/harden/-/harden-0.7.0.tgz"
            }
          }
        },
        "harden": {
          "version": "0.7.0",
          "from": "harden@latest",
          "resolved": "https://registry.npmjs.org/harden/-/harden-0.7.0.tgz"
        },
        "protype": {
          "version": "0.4.0",
          "from": "protype@latest",
          "resolved": "https://registry.npmjs.org/protype/-/protype-0.4.0.tgz",
          "dependencies": {
            "cemento": {
              "version": "0.3.0",
              "from": "cemento@latest",
              "resolved": "https://registry.npmjs.org/cemento/-/cemento-0.3.0.tgz",
              "dependencies": {
                "harden": {
                  "version": "0.7.0",
                  "from": "harden@latest",
                  "resolved": "https://registry.npmjs.org/harden/-/harden-0.7.0.tgz"
                }
              }
            },
            "harden": {
              "version": "0.7.0",
              "from": "harden@latest",
              "resolved": "https://registry.npmjs.org/harden/-/harden-0.7.0.tgz"
            }
          }
        }
      }
    },
    "filled": {
      "version": "0.2.0",
      "from": "filled@latest",
      "resolved": "https://registry.npmjs.org/filled/-/filled-0.2.0.tgz",
      "dependencies": {
        "doubt": {
          "version": "0.4.0",
          "from": "doubt@latest",
          "resolved": "https://registry.npmjs.org/doubt/-/doubt-0.4.0.tgz",
          "dependencies": {
            "cemento": {
              "version": "0.3.0",
              "from": "cemento@latest",
              "resolved": "https://registry.npmjs.org/cemento/-/cemento-0.3.0.tgz",
              "dependencies": {
                "harden": {
                  "version": "0.7.0",
                  "from": "harden@latest",
                  "resolved": "https://registry.npmjs.org/harden/-/harden-0.7.0.tgz"
                }
              }
            },
            "harden": {
              "version": "0.7.0",
              "from": "harden@latest",
              "resolved": "https://registry.npmjs.org/harden/-/harden-0.7.0.tgz"
            },
            "protype": {
              "version": "0.4.0",
              "from": "protype@latest",
              "resolved": "https://registry.npmjs.org/protype/-/protype-0.4.0.tgz",
              "dependencies": {
                "cemento": {
                  "version": "0.3.0",
                  "from": "cemento@latest",
                  "resolved": "https://registry.npmjs.org/cemento/-/cemento-0.3.0.tgz",
                  "dependencies": {
                    "harden": {
                      "version": "0.7.0",
                      "from": "harden@latest",
                      "resolved": "https://registry.npmjs.org/harden/-/harden-0.7.0.tgz"
                    }
                  }
                },
                "harden": {
                  "version": "0.7.0",
                  "from": "harden@latest",
                  "resolved": "https://registry.npmjs.org/harden/-/harden-0.7.0.tgz"
                }
              }
            }
          }
        },
        "raze": {
          "version": "0.5.0",
          "from": "raze@latest",
          "resolved": "https://registry.npmjs.org/raze/-/raze-0.5.0.tgz",
          "dependencies": {
            "doubt": {
              "version": "0.4.0",
              "from": "doubt@latest",
              "resolved": "https://registry.npmjs.org/doubt/-/doubt-0.4.0.tgz",
              "dependencies": {
                "cemento": {
                  "version": "0.3.0",
                  "from": "cemento@latest",
                  "resolved": "https://registry.npmjs.org/cemento/-/cemento-0.3.0.tgz",
                  "dependencies": {
                    "harden": {
                      "version": "0.7.0",
                      "from": "harden@latest",
                      "resolved": "https://registry.npmjs.org/harden/-/harden-0.7.0.tgz"
                    }
                  }
                },
                "harden": {
                  "version": "0.7.0",
                  "from": "harden@latest",
                  "resolved": "https://registry.npmjs.org/harden/-/harden-0.7.0.tgz"
                },
                "protype": {
                  "version": "0.4.0",
                  "from": "protype@latest",
                  "resolved": "https://registry.npmjs.org/protype/-/protype-0.4.0.tgz",
                  "dependencies": {
                    "cemento": {
                      "version": "0.3.0",
                      "from": "cemento@latest",
                      "resolved": "https://registry.npmjs.org/cemento/-/cemento-0.3.0.tgz",
                      "dependencies": {
                        "harden": {
                          "version": "0.7.0",
                          "from": "harden@latest",
                          "resolved": "https://registry.npmjs.org/harden/-/harden-0.7.0.tgz"
                        }
                      }
                    },
                    "harden": {
                      "version": "0.7.0",
                      "from": "harden@latest",
                      "resolved": "https://registry.npmjs.org/harden/-/harden-0.7.0.tgz"
                    }
                  }
                }
              }
            },
            "harden": {
              "version": "0.7.0",
              "from": "harden@latest",
              "resolved": "https://registry.npmjs.org/harden/-/harden-0.7.0.tgz"
            }
          }
        },
        "truly": {
          "version": "0.3.0",
          "from": "truly@latest",
          "resolved": "https://registry.npmjs.org/truly/-/truly-0.3.0.tgz",
          "dependencies": {
            "protype": {
              "version": "0.4.0",
              "from": "protype@latest",
              "resolved": "https://registry.npmjs.org/protype/-/protype-0.4.0.tgz",
              "dependencies": {
                "cemento": {
                  "version": "0.3.0",
                  "from": "cemento@latest",
                  "resolved": "https://registry.npmjs.org/cemento/-/cemento-0.3.0.tgz",
                  "dependencies": {
                    "harden": {
                      "version": "0.7.0",
                      "from": "harden@latest",
                      "resolved": "https://registry.npmjs.org/harden/-/harden-0.7.0.tgz"
                    }
                  }
                },
                "harden": {
                  "version": "0.7.0",
                  "from": "harden@latest",
                  "resolved": "https://registry.npmjs.org/harden/-/harden-0.7.0.tgz"
                }
              }
            }
          }
        }
      }
    },
    "protype": {
      "version": "0.4.0",
      "from": "protype@latest",
      "resolved": "https://registry.npmjs.org/protype/-/protype-0.4.0.tgz",
      "dependencies": {
        "cemento": {
          "version": "0.3.0",
          "from": "cemento@latest",
          "resolved": "https://registry.npmjs.org/cemento/-/cemento-0.3.0.tgz",
          "dependencies": {
            "harden": {
              "version": "0.7.0",
              "from": "harden@latest",
              "resolved": "https://registry.npmjs.org/harden/-/harden-0.7.0.tgz"
            }
          }
        },
        "harden": {
          "version": "0.7.0",
          "from": "harden@latest",
          "resolved": "https://registry.npmjs.org/harden/-/harden-0.7.0.tgz"
        }
      }
    },
    "stuffed": {
      "version": "0.1.0",
      "from": "stuffed@latest",
      "resolved": "https://registry.npmjs.org/stuffed/-/stuffed-0.1.0.tgz",
      "dependencies": {
        "doubt": {
          "version": "0.4.0",
          "from": "doubt@latest",
          "resolved": "https://registry.npmjs.org/doubt/-/doubt-0.4.0.tgz",
          "dependencies": {
            "cemento": {
              "version": "0.3.0",
              "from": "cemento@latest",
              "resolved": "https://registry.npmjs.org/cemento/-/cemento-0.3.0.tgz",
              "dependencies": {
                "harden": {
                  "version": "0.7.0",
                  "from": "harden@latest",
                  "resolved": "https://registry.npmjs.org/harden/-/harden-0.7.0.tgz"
                }
              }
            },
            "harden": {
              "version": "0.7.0",
              "from": "harden@latest",
              "resolved": "https://registry.npmjs.org/harden/-/harden-0.7.0.tgz"
            },
            "protype": {
              "version": "0.4.0",
              "from": "protype@latest",
              "resolved": "https://registry.npmjs.org/protype/-/protype-0.4.0.tgz",
              "dependencies": {
                "cemento": {
                  "version": "0.3.0",
                  "from": "cemento@latest",
                  "resolved": "https://registry.npmjs.org/cemento/-/cemento-0.3.0.tgz",
                  "dependencies": {
                    "harden": {
                      "version": "0.7.0",
                      "from": "harden@latest",
                      "resolved": "https://registry.npmjs.org/harden/-/harden-0.7.0.tgz"
                    }
                  }
                },
                "harden": {
                  "version": "0.7.0",
                  "from": "harden@latest",
                  "resolved": "https://registry.npmjs.org/harden/-/harden-0.7.0.tgz"
                }
              }
            }
          }
        },
        "kount": {
          "version": "0.0.0",
          "from": "kount@latest",
          "resolved": "https://registry.npmjs.org/kount/-/kount-0.0.0.tgz"
        },
        "protype": {
          "version": "0.4.0",
          "from": "protype@latest",
          "resolved": "https://registry.npmjs.org/protype/-/protype-0.4.0.tgz",
          "dependencies": {
            "cemento": {
              "version": "0.3.0",
              "from": "cemento@latest",
              "resolved": "https://registry.npmjs.org/cemento/-/cemento-0.3.0.tgz",
              "dependencies": {
                "harden": {
                  "version": "0.7.0",
                  "from": "harden@latest",
                  "resolved": "https://registry.npmjs.org/harden/-/harden-0.7.0.tgz"
                }
              }
            },
            "harden": {
              "version": "0.7.0",
              "from": "harden@latest",
              "resolved": "https://registry.npmjs.org/harden/-/harden-0.7.0.tgz"
            }
          }
        },
        "truly": {
          "version": "0.3.0",
          "from": "truly@latest",
          "resolved": "https://registry.npmjs.org/truly/-/truly-0.3.0.tgz",
          "dependencies": {
            "protype": {
              "version": "0.4.0",
              "from": "protype@latest",
              "resolved": "https://registry.npmjs.org/protype/-/protype-0.4.0.tgz",
              "dependencies": {
                "cemento": {
                  "version": "0.3.0",
                  "from": "cemento@latest",
                  "resolved": "https://registry.npmjs.org/cemento/-/cemento-0.3.0.tgz",
                  "dependencies": {
                    "harden": {
                      "version": "0.7.0",
                      "from": "harden@latest",
                      "resolved": "https://registry.npmjs.org/harden/-/harden-0.7.0.tgz"
                    }
                  }
                },
                "harden": {
                  "version": "0.7.0",
                  "from": "harden@latest",
                  "resolved": "https://registry.npmjs.org/harden/-/harden-0.7.0.tgz"
                }
              }
            }
          }
        }
      }
    },
    "truly": {
      "version": "0.3.0",
      "from": "truly@latest",
      "resolved": "https://registry.npmjs.org/truly/-/truly-0.3.0.tgz",
      "dependencies": {
        "protype": {
          "version": "0.4.0",
          "from": "protype@latest",
          "resolved": "https://registry.npmjs.org/protype/-/protype-0.4.0.tgz",
          "dependencies": {
            "cemento": {
              "version": "0.3.0",
              "from": "cemento@latest",
              "resolved": "https://registry.npmjs.org/cemento/-/cemento-0.3.0.tgz",
              "dependencies": {
                "harden": {
                  "version": "0.7.0",
                  "from": "harden@latest",
                  "resolved": "https://registry.npmjs.org/harden/-/harden-0.7.0.tgz"
                }
              }
            },
            "harden": {
              "version": "0.7.0",
              "from": "harden@latest",
              "resolved": "https://registry.npmjs.org/harden/-/harden-0.7.0.tgz"
            }
          }
        }
      }
    }
  }
}
